// !$*UTF8*$!
{
	archiveVersion = 1;
	classes = {
	};
	objectVersion = 56;
	objects = {

/* Begin PBXBuildFile section */
		A1000001232C5A0000000001 /* StockTickerApp.swift in Sources */ = {isa = PBXBuildFile; fileRef = A1000002232C5A0000000001 /* StockTickerApp.swift */; };
		A1000003232C5A0000000001 /* MenuBarView.swift in Sources */ = {isa = PBXBuildFile; fileRef = A1000004232C5A0000000001 /* MenuBarView.swift */; };
		A1000005232C5A0000000001 /* StockService.swift in Sources */ = {isa = PBXBuildFile; fileRef = A1000006232C5A0000000001 /* StockService.swift */; };
		A1000007232C5A0000000001 /* StockData.swift in Sources */ = {isa = PBXBuildFile; fileRef = A1000008232C5A0000000001 /* StockData.swift */; };
		A1000009232C5A0000000001 /* TickerConfig.swift in Sources */ = {isa = PBXBuildFile; fileRef = A100000A232C5A0000000001 /* TickerConfig.swift */; };
		A100000B232C5A0000000001 /* Assets.xcassets in Resources */ = {isa = PBXBuildFile; fileRef = A100000C232C5A0000000001 /* Assets.xcassets */; };
		A100001D232C5A0000000001 /* TickerEditorView.swift in Sources */ = {isa = PBXBuildFile; fileRef = A100001E232C5A0000000001 /* TickerEditorView.swift */; };
		A100001F232C5A0000000001 /* MarketSchedule.swift in Sources */ = {isa = PBXBuildFile; fileRef = A1000020232C5A0000000001 /* MarketSchedule.swift */; };
		B1000001232C5A0000000001 /* TickerListOperationsTests.swift in Sources */ = {isa = PBXBuildFile; fileRef = B1000002232C5A0000000001 /* TickerListOperationsTests.swift */; };
		B1000003232C5A0000000001 /* TickerAddErrorTests.swift in Sources */ = {isa = PBXBuildFile; fileRef = B1000004232C5A0000000001 /* TickerAddErrorTests.swift */; };
		B1000005232C5A0000000001 /* TickerEditorStateTests.swift in Sources */ = {isa = PBXBuildFile; fileRef = B1000006232C5A0000000001 /* TickerEditorStateTests.swift */; };
		B1000007232C5A0000000001 /* TickerValidatorTests.swift in Sources */ = {isa = PBXBuildFile; fileRef = B1000008232C5A0000000001 /* TickerValidatorTests.swift */; };
		B1000009232C5A0000000001 /* StockServiceTests.swift in Sources */ = {isa = PBXBuildFile; fileRef = B100000A232C5A0000000001 /* StockServiceTests.swift */; };
		B100000B232C5A0000000001 /* StockDataTests.swift in Sources */ = {isa = PBXBuildFile; fileRef = B100000C232C5A0000000001 /* StockDataTests.swift */; };
		B100000D232C5A0000000001 /* MarketScheduleTests.swift in Sources */ = {isa = PBXBuildFile; fileRef = B100000E232C5A0000000001 /* MarketScheduleTests.swift */; };
		B100000F232C5A0000000001 /* TickerConfigTests.swift in Sources */ = {isa = PBXBuildFile; fileRef = B1000010232C5A0000000001 /* TickerConfigTests.swift */; };
		B1000011232C5A0000000001 /* MenuBarViewTests.swift in Sources */ = {isa = PBXBuildFile; fileRef = B1000012232C5A0000000001 /* MenuBarViewTests.swift */; };
F7E1D1E9793A /* RequestLogger.swift in Sources */ = {isa = PBXBuildFile; fileRef = F7DF135EBDBF /* RequestLogger.swift */; };
F8099AD65466 /* DebugWindow.swift in Sources */ = {isa = PBXBuildFile; fileRef = F7FB09302BBF /* DebugWindow.swift */; };
C1000001232C5A0000000001 /* NewsData.swift in Sources */ = {isa = PBXBuildFile; fileRef = C1000002232C5A0000000001 /* NewsData.swift */; };
C1000003232C5A0000000001 /* NewsService.swift in Sources */ = {isa = PBXBuildFile; fileRef = C1000004232C5A0000000001 /* NewsService.swift */; };
C1000005232C5A0000000001 /* NewsServiceTests.swift in Sources */ = {isa = PBXBuildFile; fileRef = C1000006232C5A0000000001 /* NewsServiceTests.swift */; };
D1000001232C5A0000000001 /* LayoutConfig.swift in Sources */ = {isa = PBXBuildFile; fileRef = D1000002232C5A0000000001 /* LayoutConfig.swift */; };
D1000003232C5A0000000001 /* LayoutConfigTests.swift in Sources */ = {isa = PBXBuildFile; fileRef = D1000004232C5A0000000001 /* LayoutConfigTests.swift */; };
E1000001232C5A0000000001 /* YTDCache.swift in Sources */ = {isa = PBXBuildFile; fileRef = E1000002232C5A0000000001 /* YTDCache.swift */; };
E1000003232C5A0000000001 /* YTDCacheTests.swift in Sources */ = {isa = PBXBuildFile; fileRef = E1000004232C5A0000000001 /* YTDCacheTests.swift */; };
F1000001232C5A0000000001 /* SortOption.swift in Sources */ = {isa = PBXBuildFile; fileRef = F1000002232C5A0000000001 /* SortOption.swift */; };
F1000003232C5A0000000001 /* MarqueeView.swift in Sources */ = {isa = PBXBuildFile; fileRef = F1000004232C5A0000000001 /* MarqueeView.swift */; };
F1000005232C5A0000000001 /* MenuItemFactory.swift in Sources */ = {isa = PBXBuildFile; fileRef = F1000006232C5A0000000001 /* MenuItemFactory.swift */; };
G1000001232C5A0000000001 /* MarqueeViewTests.swift in Sources */ = {isa = PBXBuildFile; fileRef = G1000002232C5A0000000001 /* MarqueeViewTests.swift */; };
G1000003232C5A0000000001 /* MenuItemFactoryTests.swift in Sources */ = {isa = PBXBuildFile; fileRef = G1000004232C5A0000000001 /* MenuItemFactoryTests.swift */; };
H1000001232C5A0000000001 /* QuarterlyCache.swift in Sources */ = {isa = PBXBuildFile; fileRef = H1000002232C5A0000000001 /* QuarterlyCache.swift */; };
H1000003232C5A0000000001 /* QuarterlyCacheTests.swift in Sources */ = {isa = PBXBuildFile; fileRef = H1000004232C5A0000000001 /* QuarterlyCacheTests.swift */; };
I1000001232C5A0000000001 /* QuarterlyPanelView.swift in Sources */ = {isa = PBXBuildFile; fileRef = I1000002232C5A0000000001 /* QuarterlyPanelView.swift */; };
I1000003232C5A0000000001 /* QuarterlyPanelTests.swift in Sources */ = {isa = PBXBuildFile; fileRef = I1000004232C5A0000000001 /* QuarterlyPanelTests.swift */; };
J1000001232C5A0000000001 /* TestUtilities.swift in Sources */ = {isa = PBXBuildFile; fileRef = J1000002232C5A0000000001 /* TestUtilities.swift */; };
K1000001232C5A0000000001 /* MenuBarController+Cache.swift in Sources */ = {isa = PBXBuildFile; fileRef = K1000002232C5A0000000001 /* MenuBarController+Cache.swift */; };
K1000003232C5A0000000001 /* ColorMappingTests.swift in Sources */ = {isa = PBXBuildFile; fileRef = K1000004232C5A0000000001 /* ColorMappingTests.swift */; };
L1000001232C5A0000000001 /* TimerManager.swift in Sources */ = {isa = PBXBuildFile; fileRef = L1000002232C5A0000000001 /* TimerManager.swift */; };
L1000003232C5A0000000001 /* TimerManagerTests.swift in Sources */ = {isa = PBXBuildFile; fileRef = L1000004232C5A0000000001 /* TimerManagerTests.swift */; };
L1000005232C5A0000000001 /* RequestLoggerTests.swift in Sources */ = {isa = PBXBuildFile; fileRef = L1000006232C5A0000000001 /* RequestLoggerTests.swift */; };
M1000001232C5A0000000001 /* DebugViewModelTests.swift in Sources */ = {isa = PBXBuildFile; fileRef = M1000002232C5A0000000001 /* DebugViewModelTests.swift */; };
N1000001232C5A0000000001 /* CacheStorage.swift in Sources */ = {isa = PBXBuildFile; fileRef = N1000002232C5A0000000001 /* CacheStorage.swift */; };
N1000003232C5A0000000001 /* CacheStorageTests.swift in Sources */ = {isa = PBXBuildFile; fileRef = N1000004232C5A0000000001 /* CacheStorageTests.swift */; };
O1000001232C5A0000000001 /* StockService+MarketCap.swift in Sources */ = {isa = PBXBuildFile; fileRef = O1000002232C5A0000000001 /* StockService+MarketCap.swift */; };
O1000003232C5A0000000001 /* StockService+Historical.swift in Sources */ = {isa = PBXBuildFile; fileRef = O1000004232C5A0000000001 /* StockService+Historical.swift */; };
P1000001232C5A0000000001 /* TickerDisplayBuilder.swift in Sources */ = {isa = PBXBuildFile; fileRef = P1000002232C5A0000000001 /* TickerDisplayBuilder.swift */; };
P1000003232C5A0000000001 /* TickerDisplayBuilderTests.swift in Sources */ = {isa = PBXBuildFile; fileRef = P1000004232C5A0000000001 /* TickerDisplayBuilderTests.swift */; };
Q1000001232C5A0000000001 /* QuoteFetchCoordinator.swift in Sources */ = {isa = PBXBuildFile; fileRef = Q1000002232C5A0000000001 /* QuoteFetchCoordinator.swift */; };
Q1000003232C5A0000000001 /* QuoteFetchCoordinatorTests.swift in Sources */ = {isa = PBXBuildFile; fileRef = Q1000004232C5A0000000001 /* QuoteFetchCoordinatorTests.swift */; };
		/* End PBXBuildFile section */

/* Begin PBXContainerItemProxy section */
		B1000020232C5A0000000001 /* PBXContainerItemProxy */ = {
			isa = PBXContainerItemProxy;
			containerPortal = A1000017232C5A0000000001 /* Project object */;
			proxyType = 1;
			remoteGlobalIDString = A1000013232C5A0000000001;
			remoteInfo = StockTicker;
		};
/* End PBXContainerItemProxy section */

/* Begin PBXFileReference section */
		A1000002232C5A0000000001 /* StockTickerApp.swift */ = {isa = PBXFileReference; lastKnownFileType = sourcecode.swift; path = StockTickerApp.swift; sourceTree = "<group>"; };
		A1000004232C5A0000000001 /* MenuBarView.swift */ = {isa = PBXFileReference; lastKnownFileType = sourcecode.swift; path = MenuBarView.swift; sourceTree = "<group>"; };
		A1000006232C5A0000000001 /* StockService.swift */ = {isa = PBXFileReference; lastKnownFileType = sourcecode.swift; path = StockService.swift; sourceTree = "<group>"; };
		A1000008232C5A0000000001 /* StockData.swift */ = {isa = PBXFileReference; lastKnownFileType = sourcecode.swift; path = StockData.swift; sourceTree = "<group>"; };
		A100000A232C5A0000000001 /* TickerConfig.swift */ = {isa = PBXFileReference; lastKnownFileType = sourcecode.swift; path = TickerConfig.swift; sourceTree = "<group>"; };
		A100000C232C5A0000000001 /* Assets.xcassets */ = {isa = PBXFileReference; lastKnownFileType = folder.assetcatalog; path = Assets.xcassets; sourceTree = "<group>"; };
		A100000D232C5A0000000001 /* Info.plist */ = {isa = PBXFileReference; lastKnownFileType = text.plist.xml; path = Info.plist; sourceTree = "<group>"; };
		A100000E232C5A0000000001 /* StockTicker.app */ = {isa = PBXFileReference; explicitFileType = wrapper.application; includeInIndex = 0; path = StockTicker.app; sourceTree = BUILT_PRODUCTS_DIR; };
		A100001E232C5A0000000001 /* TickerEditorView.swift */ = {isa = PBXFileReference; lastKnownFileType = sourcecode.swift; path = TickerEditorView.swift; sourceTree = "<group>"; };
		A1000020232C5A0000000001 /* MarketSchedule.swift */ = {isa = PBXFileReference; lastKnownFileType = sourcecode.swift; path = MarketSchedule.swift; sourceTree = "<group>"; };
		B1000002232C5A0000000001 /* TickerListOperationsTests.swift */ = {isa = PBXFileReference; lastKnownFileType = sourcecode.swift; path = TickerListOperationsTests.swift; sourceTree = "<group>"; };
		B1000004232C5A0000000001 /* TickerAddErrorTests.swift */ = {isa = PBXFileReference; lastKnownFileType = sourcecode.swift; path = TickerAddErrorTests.swift; sourceTree = "<group>"; };
		B1000006232C5A0000000001 /* TickerEditorStateTests.swift */ = {isa = PBXFileReference; lastKnownFileType = sourcecode.swift; path = TickerEditorStateTests.swift; sourceTree = "<group>"; };
		B1000008232C5A0000000001 /* TickerValidatorTests.swift */ = {isa = PBXFileReference; lastKnownFileType = sourcecode.swift; path = TickerValidatorTests.swift; sourceTree = "<group>"; };
		B100000A232C5A0000000001 /* StockServiceTests.swift */ = {isa = PBXFileReference; lastKnownFileType = sourcecode.swift; path = StockServiceTests.swift; sourceTree = "<group>"; };
		B100000C232C5A0000000001 /* StockDataTests.swift */ = {isa = PBXFileReference; lastKnownFileType = sourcecode.swift; path = StockDataTests.swift; sourceTree = "<group>"; };
		B100000E232C5A0000000001 /* MarketScheduleTests.swift */ = {isa = PBXFileReference; lastKnownFileType = sourcecode.swift; path = MarketScheduleTests.swift; sourceTree = "<group>"; };
		B1000010232C5A0000000001 /* TickerConfigTests.swift */ = {isa = PBXFileReference; lastKnownFileType = sourcecode.swift; path = TickerConfigTests.swift; sourceTree = "<group>"; };
		B1000012232C5A0000000001 /* MenuBarViewTests.swift */ = {isa = PBXFileReference; lastKnownFileType = sourcecode.swift; path = MenuBarViewTests.swift; sourceTree = "<group>"; };
		B1000013232C5A0000000001 /* StockTickerTests.xctest */ = {isa = PBXFileReference; explicitFileType = wrapper.cfbundle; includeInIndex = 0; path = StockTickerTests.xctest; sourceTree = BUILT_PRODUCTS_DIR; };
F7DF135EBDBF /* RequestLogger.swift */ = {isa = PBXFileReference; lastKnownFileType = sourcecode.swift; path = RequestLogger.swift; sourceTree = "<group>"; };
F7FB09302BBF /* DebugWindow.swift */ = {isa = PBXFileReference; lastKnownFileType = sourcecode.swift; path = DebugWindow.swift; sourceTree = "<group>"; };
C1000002232C5A0000000001 /* NewsData.swift */ = {isa = PBXFileReference; lastKnownFileType = sourcecode.swift; path = NewsData.swift; sourceTree = "<group>"; };
C1000004232C5A0000000001 /* NewsService.swift */ = {isa = PBXFileReference; lastKnownFileType = sourcecode.swift; path = NewsService.swift; sourceTree = "<group>"; };
C1000006232C5A0000000001 /* NewsServiceTests.swift */ = {isa = PBXFileReference; lastKnownFileType = sourcecode.swift; path = NewsServiceTests.swift; sourceTree = "<group>"; };
D1000002232C5A0000000001 /* LayoutConfig.swift */ = {isa = PBXFileReference; lastKnownFileType = sourcecode.swift; path = LayoutConfig.swift; sourceTree = "<group>"; };
D1000004232C5A0000000001 /* LayoutConfigTests.swift */ = {isa = PBXFileReference; lastKnownFileType = sourcecode.swift; path = LayoutConfigTests.swift; sourceTree = "<group>"; };
E1000002232C5A0000000001 /* YTDCache.swift */ = {isa = PBXFileReference; lastKnownFileType = sourcecode.swift; path = YTDCache.swift; sourceTree = "<group>"; };
E1000004232C5A0000000001 /* YTDCacheTests.swift */ = {isa = PBXFileReference; lastKnownFileType = sourcecode.swift; path = YTDCacheTests.swift; sourceTree = "<group>"; };
F1000002232C5A0000000001 /* SortOption.swift */ = {isa = PBXFileReference; lastKnownFileType = sourcecode.swift; path = SortOption.swift; sourceTree = "<group>"; };
F1000004232C5A0000000001 /* MarqueeView.swift */ = {isa = PBXFileReference; lastKnownFileType = sourcecode.swift; path = MarqueeView.swift; sourceTree = "<group>"; };
F1000006232C5A0000000001 /* MenuItemFactory.swift */ = {isa = PBXFileReference; lastKnownFileType = sourcecode.swift; path = MenuItemFactory.swift; sourceTree = "<group>"; };
G1000002232C5A0000000001 /* MarqueeViewTests.swift */ = {isa = PBXFileReference; lastKnownFileType = sourcecode.swift; path = MarqueeViewTests.swift; sourceTree = "<group>"; };
G1000004232C5A0000000001 /* MenuItemFactoryTests.swift */ = {isa = PBXFileReference; lastKnownFileType = sourcecode.swift; path = MenuItemFactoryTests.swift; sourceTree = "<group>"; };
H1000002232C5A0000000001 /* QuarterlyCache.swift */ = {isa = PBXFileReference; lastKnownFileType = sourcecode.swift; path = QuarterlyCache.swift; sourceTree = "<group>"; };
H1000004232C5A0000000001 /* QuarterlyCacheTests.swift */ = {isa = PBXFileReference; lastKnownFileType = sourcecode.swift; path = QuarterlyCacheTests.swift; sourceTree = "<group>"; };
I1000002232C5A0000000001 /* QuarterlyPanelView.swift */ = {isa = PBXFileReference; lastKnownFileType = sourcecode.swift; path = QuarterlyPanelView.swift; sourceTree = "<group>"; };
I1000004232C5A0000000001 /* QuarterlyPanelTests.swift */ = {isa = PBXFileReference; lastKnownFileType = sourcecode.swift; path = QuarterlyPanelTests.swift; sourceTree = "<group>"; };
J1000002232C5A0000000001 /* TestUtilities.swift */ = {isa = PBXFileReference; lastKnownFileType = sourcecode.swift; path = TestUtilities.swift; sourceTree = "<group>"; };
K1000002232C5A0000000001 /* MenuBarController+Cache.swift */ = {isa = PBXFileReference; lastKnownFileType = sourcecode.swift; path = "MenuBarController+Cache.swift"; sourceTree = "<group>"; };
K1000004232C5A0000000001 /* ColorMappingTests.swift */ = {isa = PBXFileReference; lastKnownFileType = sourcecode.swift; path = ColorMappingTests.swift; sourceTree = "<group>"; };
L1000002232C5A0000000001 /* TimerManager.swift */ = {isa = PBXFileReference; lastKnownFileType = sourcecode.swift; path = TimerManager.swift; sourceTree = "<group>"; };
L1000004232C5A0000000001 /* TimerManagerTests.swift */ = {isa = PBXFileReference; lastKnownFileType = sourcecode.swift; path = TimerManagerTests.swift; sourceTree = "<group>"; };
L1000006232C5A0000000001 /* RequestLoggerTests.swift */ = {isa = PBXFileReference; lastKnownFileType = sourcecode.swift; path = RequestLoggerTests.swift; sourceTree = "<group>"; };
M1000002232C5A0000000001 /* DebugViewModelTests.swift */ = {isa = PBXFileReference; lastKnownFileType = sourcecode.swift; path = DebugViewModelTests.swift; sourceTree = "<group>"; };
N1000002232C5A0000000001 /* CacheStorage.swift */ = {isa = PBXFileReference; lastKnownFileType = sourcecode.swift; path = CacheStorage.swift; sourceTree = "<group>"; };
N1000004232C5A0000000001 /* CacheStorageTests.swift */ = {isa = PBXFileReference; lastKnownFileType = sourcecode.swift; path = CacheStorageTests.swift; sourceTree = "<group>"; };
O1000002232C5A0000000001 /* StockService+MarketCap.swift */ = {isa = PBXFileReference; lastKnownFileType = sourcecode.swift; path = "StockService+MarketCap.swift"; sourceTree = "<group>"; };
O1000004232C5A0000000001 /* StockService+Historical.swift */ = {isa = PBXFileReference; lastKnownFileType = sourcecode.swift; path = "StockService+Historical.swift"; sourceTree = "<group>"; };
P1000002232C5A0000000001 /* TickerDisplayBuilder.swift */ = {isa = PBXFileReference; lastKnownFileType = sourcecode.swift; path = TickerDisplayBuilder.swift; sourceTree = "<group>"; };
P1000004232C5A0000000001 /* TickerDisplayBuilderTests.swift */ = {isa = PBXFileReference; lastKnownFileType = sourcecode.swift; path = TickerDisplayBuilderTests.swift; sourceTree = "<group>"; };
Q1000002232C5A0000000001 /* QuoteFetchCoordinator.swift */ = {isa = PBXFileReference; lastKnownFileType = sourcecode.swift; path = QuoteFetchCoordinator.swift; sourceTree = "<group>"; };
Q1000004232C5A0000000001 /* QuoteFetchCoordinatorTests.swift */ = {isa = PBXFileReference; lastKnownFileType = sourcecode.swift; path = QuoteFetchCoordinatorTests.swift; sourceTree = "<group>"; };
		/* End PBXFileReference section */

/* Begin PBXFrameworksBuildPhase section */
		A100000F232C5A0000000001 /* Frameworks */ = {
			isa = PBXFrameworksBuildPhase;
			buildActionMask = 2147483647;
			files = (
			);
			runOnlyForDeploymentPostprocessing = 0;
		};
		B1000014232C5A0000000001 /* Frameworks */ = {
			isa = PBXFrameworksBuildPhase;
			buildActionMask = 2147483647;
			files = (
			);
			runOnlyForDeploymentPostprocessing = 0;
		};
/* End PBXFrameworksBuildPhase section */

/* Begin PBXGroup section */
		A1000010232C5A0000000001 = {
			isa = PBXGroup;
			children = (
				A1000011232C5A0000000001 /* StockTicker */,
				B1000015232C5A0000000001 /* StockTickerTests */,
				A1000012232C5A0000000001 /* Products */,
			);
			sourceTree = "<group>";
		};
		A1000011232C5A0000000001 /* StockTicker */ = {
			isa = PBXGroup;
			children = (
				A1000002232C5A0000000001 /* StockTickerApp.swift */,
				A1000004232C5A0000000001 /* MenuBarView.swift */,
				K1000002232C5A0000000001 /* MenuBarController+Cache.swift */,
				A100001E232C5A0000000001 /* TickerEditorView.swift */,
				A1000006232C5A0000000001 /* StockService.swift */,
				O1000002232C5A0000000001 /* StockService+MarketCap.swift */,
				O1000004232C5A0000000001 /* StockService+Historical.swift */,
				A1000008232C5A0000000001 /* StockData.swift */,
				C1000004232C5A0000000001 /* NewsService.swift */,
				C1000002232C5A0000000001 /* NewsData.swift */,
				F7DF135EBDBF /* RequestLogger.swift */,
				F7FB09302BBF /* DebugWindow.swift */,
				A100000A232C5A0000000001 /* TickerConfig.swift */,
				D1000002232C5A0000000001 /* LayoutConfig.swift */,
				A1000020232C5A0000000001 /* MarketSchedule.swift */,
				E1000002232C5A0000000001 /* YTDCache.swift */,
				H1000002232C5A0000000001 /* QuarterlyCache.swift */,
				I1000002232C5A0000000001 /* QuarterlyPanelView.swift */,
				F1000002232C5A0000000001 /* SortOption.swift */,
				F1000004232C5A0000000001 /* MarqueeView.swift */,
				F1000006232C5A0000000001 /* MenuItemFactory.swift */,
				L1000002232C5A0000000001 /* TimerManager.swift */,
				N1000002232C5A0000000001 /* CacheStorage.swift */,
				P1000002232C5A0000000001 /* TickerDisplayBuilder.swift */,
				Q1000002232C5A0000000001 /* QuoteFetchCoordinator.swift */,
				A100000C232C5A0000000001 /* Assets.xcassets */,
				A100000D232C5A0000000001 /* Info.plist */,
			);
			path = StockTicker;
			sourceTree = "<group>";
		};
		A1000012232C5A0000000001 /* Products */ = {
			isa = PBXGroup;
			children = (
				A100000E232C5A0000000001 /* StockTicker.app */,
				B1000013232C5A0000000001 /* StockTickerTests.xctest */,
			);
			name = Products;
			sourceTree = "<group>";
		};
		B1000015232C5A0000000001 /* StockTickerTests */ = {
			isa = PBXGroup;
			children = (
				B1000002232C5A0000000001 /* TickerListOperationsTests.swift */,
				B1000004232C5A0000000001 /* TickerAddErrorTests.swift */,
				B1000006232C5A0000000001 /* TickerEditorStateTests.swift */,
				B1000008232C5A0000000001 /* TickerValidatorTests.swift */,
				B100000A232C5A0000000001 /* StockServiceTests.swift */,
				B100000C232C5A0000000001 /* StockDataTests.swift */,
				B100000E232C5A0000000001 /* MarketScheduleTests.swift */,
				B1000010232C5A0000000001 /* TickerConfigTests.swift */,
				B1000012232C5A0000000001 /* MenuBarViewTests.swift */,
				C1000006232C5A0000000001 /* NewsServiceTests.swift */,
				D1000004232C5A0000000001 /* LayoutConfigTests.swift */,
				E1000004232C5A0000000001 /* YTDCacheTests.swift */,
				H1000004232C5A0000000001 /* QuarterlyCacheTests.swift */,
				I1000004232C5A0000000001 /* QuarterlyPanelTests.swift */,
				G1000002232C5A0000000001 /* MarqueeViewTests.swift */,
				G1000004232C5A0000000001 /* MenuItemFactoryTests.swift */,
				J1000002232C5A0000000001 /* TestUtilities.swift */,
				K1000004232C5A0000000001 /* ColorMappingTests.swift */,
				L1000004232C5A0000000001 /* TimerManagerTests.swift */,
				L1000006232C5A0000000001 /* RequestLoggerTests.swift */,
				M1000002232C5A0000000001 /* DebugViewModelTests.swift */,
				N1000004232C5A0000000001 /* CacheStorageTests.swift */,
				P1000004232C5A0000000001 /* TickerDisplayBuilderTests.swift */,
				Q1000004232C5A0000000001 /* QuoteFetchCoordinatorTests.swift */,
			);
			path = StockTickerTests;
			sourceTree = "<group>";
		};
/* End PBXGroup section */

/* Begin PBXNativeTarget section */
		A1000013232C5A0000000001 /* StockTicker */ = {
			isa = PBXNativeTarget;
			buildConfigurationList = A1000014232C5A0000000001 /* Build configuration list for PBXNativeTarget "StockTicker" */;
			buildPhases = (
				A1000015232C5A0000000001 /* Sources */,
				A100000F232C5A0000000001 /* Frameworks */,
				A1000016232C5A0000000001 /* Resources */,
			);
			buildRules = (
			);
			dependencies = (
			);
			name = StockTicker;
			productName = StockTicker;
			productReference = A100000E232C5A0000000001 /* StockTicker.app */;
			productType = "com.apple.product-type.application";
		};
		B1000016232C5A0000000001 /* StockTickerTests */ = {
			isa = PBXNativeTarget;
			buildConfigurationList = B1000017232C5A0000000001 /* Build configuration list for PBXNativeTarget "StockTickerTests" */;
			buildPhases = (
				B1000018232C5A0000000001 /* Sources */,
				B1000014232C5A0000000001 /* Frameworks */,
				B1000019232C5A0000000001 /* Resources */,
			);
			buildRules = (
			);
			dependencies = (
				B1000021232C5A0000000001 /* PBXTargetDependency */,
			);
			name = StockTickerTests;
			productName = StockTickerTests;
			productReference = B1000013232C5A0000000001 /* StockTickerTests.xctest */;
			productType = "com.apple.product-type.bundle.unit-test";
		};
/* End PBXNativeTarget section */

/* Begin PBXProject section */
		A1000017232C5A0000000001 /* Project object */ = {
			isa = PBXProject;
			attributes = {
				BuildIndependentTargetsInParallel = 1;
				LastSwiftUpdateCheck = 1500;
				LastUpgradeCheck = 1500;
				TargetAttributes = {
					A1000013232C5A0000000001 = {
						CreatedOnToolsVersion = 15.0;
					};
					B1000016232C5A0000000001 = {
						CreatedOnToolsVersion = 15.0;
						TestTargetID = A1000013232C5A0000000001;
					};
				};
			};
			buildConfigurationList = A1000018232C5A0000000001 /* Build configuration list for PBXProject "StockTicker" */;
			compatibilityVersion = "Xcode 14.0";
			developmentRegion = en;
			hasScannedForEncodings = 0;
			knownRegions = (
				en,
				Base,
			);
			mainGroup = A1000010232C5A0000000001;
			productRefGroup = A1000012232C5A0000000001 /* Products */;
			projectDirPath = "";
			projectRoot = "";
			targets = (
				A1000013232C5A0000000001 /* StockTicker */,
				B1000016232C5A0000000001 /* StockTickerTests */,
			);
		};
/* End PBXProject section */

/* Begin PBXResourcesBuildPhase section */
		A1000016232C5A0000000001 /* Resources */ = {
			isa = PBXResourcesBuildPhase;
			buildActionMask = 2147483647;
			files = (
				A100000B232C5A0000000001 /* Assets.xcassets in Resources */,
			);
			runOnlyForDeploymentPostprocessing = 0;
		};
		B1000019232C5A0000000001 /* Resources */ = {
			isa = PBXResourcesBuildPhase;
			buildActionMask = 2147483647;
			files = (
			);
			runOnlyForDeploymentPostprocessing = 0;
		};
/* End PBXResourcesBuildPhase section */

/* Begin PBXSourcesBuildPhase section */
		A1000015232C5A0000000001 /* Sources */ = {
			isa = PBXSourcesBuildPhase;
			buildActionMask = 2147483647;
			files = (
				A1000001232C5A0000000001 /* StockTickerApp.swift in Sources */,
				A1000003232C5A0000000001 /* MenuBarView.swift in Sources */,
				A100001D232C5A0000000001 /* TickerEditorView.swift in Sources */,
				A1000005232C5A0000000001 /* StockService.swift in Sources */,
				O1000001232C5A0000000001 /* StockService+MarketCap.swift in Sources */,
				O1000003232C5A0000000001 /* StockService+Historical.swift in Sources */,
				A1000007232C5A0000000001 /* StockData.swift in Sources */,
				A1000009232C5A0000000001 /* TickerConfig.swift in Sources */,
				D1000001232C5A0000000001 /* LayoutConfig.swift in Sources */,
				A100001F232C5A0000000001 /* MarketSchedule.swift in Sources */,
				F7E1D1E9793A /* RequestLogger.swift in Sources */,
				F8099AD65466 /* DebugWindow.swift in Sources */,
				C1000001232C5A0000000001 /* NewsData.swift in Sources */,
				C1000003232C5A0000000001 /* NewsService.swift in Sources */,
				E1000001232C5A0000000001 /* YTDCache.swift in Sources */,
				H1000001232C5A0000000001 /* QuarterlyCache.swift in Sources */,
				I1000001232C5A0000000001 /* QuarterlyPanelView.swift in Sources */,
				F1000001232C5A0000000001 /* SortOption.swift in Sources */,
				F1000003232C5A0000000001 /* MarqueeView.swift in Sources */,
				F1000005232C5A0000000001 /* MenuItemFactory.swift in Sources */,
				K1000001232C5A0000000001 /* MenuBarController+Cache.swift in Sources */,
				L1000001232C5A0000000001 /* TimerManager.swift in Sources */,
				N1000001232C5A0000000001 /* CacheStorage.swift in Sources */,
				P1000001232C5A0000000001 /* TickerDisplayBuilder.swift in Sources */,
				Q1000001232C5A0000000001 /* QuoteFetchCoordinator.swift in Sources */,
			);
			runOnlyForDeploymentPostprocessing = 0;
		};
		B1000018232C5A0000000001 /* Sources */ = {
			isa = PBXSourcesBuildPhase;
			buildActionMask = 2147483647;
			files = (
				B1000001232C5A0000000001 /* TickerListOperationsTests.swift in Sources */,
				B1000003232C5A0000000001 /* TickerAddErrorTests.swift in Sources */,
				B1000005232C5A0000000001 /* TickerEditorStateTests.swift in Sources */,
				B1000007232C5A0000000001 /* TickerValidatorTests.swift in Sources */,
				B1000009232C5A0000000001 /* StockServiceTests.swift in Sources */,
				B100000B232C5A0000000001 /* StockDataTests.swift in Sources */,
				B100000D232C5A0000000001 /* MarketScheduleTests.swift in Sources */,
				B100000F232C5A0000000001 /* TickerConfigTests.swift in Sources */,
				B1000011232C5A0000000001 /* MenuBarViewTests.swift in Sources */,
				C1000005232C5A0000000001 /* NewsServiceTests.swift in Sources */,
				D1000003232C5A0000000001 /* LayoutConfigTests.swift in Sources */,
				E1000003232C5A0000000001 /* YTDCacheTests.swift in Sources */,
				H1000003232C5A0000000001 /* QuarterlyCacheTests.swift in Sources */,
				I1000003232C5A0000000001 /* QuarterlyPanelTests.swift in Sources */,
				G1000001232C5A0000000001 /* MarqueeViewTests.swift in Sources */,
				G1000003232C5A0000000001 /* MenuItemFactoryTests.swift in Sources */,
				J1000001232C5A0000000001 /* TestUtilities.swift in Sources */,
				K1000003232C5A0000000001 /* ColorMappingTests.swift in Sources */,
				L1000003232C5A0000000001 /* TimerManagerTests.swift in Sources */,
				L1000005232C5A0000000001 /* RequestLoggerTests.swift in Sources */,
				M1000001232C5A0000000001 /* DebugViewModelTests.swift in Sources */,
				N1000003232C5A0000000001 /* CacheStorageTests.swift in Sources */,
				P1000003232C5A0000000001 /* TickerDisplayBuilderTests.swift in Sources */,
				Q1000003232C5A0000000001 /* QuoteFetchCoordinatorTests.swift in Sources */,
			);
			runOnlyForDeploymentPostprocessing = 0;
		};
/* End PBXSourcesBuildPhase section */

/* Begin PBXTargetDependency section */
		B1000021232C5A0000000001 /* PBXTargetDependency */ = {
			isa = PBXTargetDependency;
			target = A1000013232C5A0000000001 /* StockTicker */;
			targetProxy = B1000020232C5A0000000001 /* PBXContainerItemProxy */;
		};
/* End PBXTargetDependency section */

/* Begin XCBuildConfiguration section */
		A1000019232C5A0000000001 /* Debug */ = {
			isa = XCBuildConfiguration;
			buildSettings = {
				ALWAYS_SEARCH_USER_PATHS = NO;
				ASSETCATALOG_COMPILER_GENERATE_SWIFT_ASSET_SYMBOL_EXTENSIONS = YES;
				CLANG_ANALYZER_NONNULL = YES;
				CLANG_ANALYZER_NUMBER_OBJECT_CONVERSION = YES_AGGRESSIVE;
				CLANG_CXX_LANGUAGE_STANDARD = "gnu++20";
				CLANG_ENABLE_MODULES = YES;
				CLANG_ENABLE_OBJC_ARC = YES;
				CLANG_ENABLE_OBJC_WEAK = YES;
				CLANG_WARN_BLOCK_CAPTURE_AUTORELEASING = YES;
				CLANG_WARN_BOOL_CONVERSION = YES;
				CLANG_WARN_COMMA = YES;
				CLANG_WARN_CONSTANT_CONVERSION = YES;
				CLANG_WARN_DEPRECATED_OBJC_IMPLEMENTATIONS = YES;
				CLANG_WARN_DIRECT_OBJC_ISA_USAGE = YES_ERROR;
				CLANG_WARN_DOCUMENTATION_COMMENTS = YES;
				CLANG_WARN_EMPTY_BODY = YES;
				CLANG_WARN_ENUM_CONVERSION = YES;
				CLANG_WARN_INFINITE_RECURSION = YES;
				CLANG_WARN_INT_CONVERSION = YES;
				CLANG_WARN_NON_LITERAL_NULL_CONVERSION = YES;
				CLANG_WARN_OBJC_IMPLICIT_RETAIN_SELF = YES;
				CLANG_WARN_OBJC_LITERAL_CONVERSION = YES;
				CLANG_WARN_OBJC_ROOT_CLASS = YES_ERROR;
				CLANG_WARN_QUOTED_INCLUDE_IN_FRAMEWORK_HEADER = YES;
				CLANG_WARN_RANGE_LOOP_ANALYSIS = YES;
				CLANG_WARN_STRICT_PROTOTYPES = YES;
				CLANG_WARN_SUSPICIOUS_MOVE = YES;
				CLANG_WARN_UNGUARDED_AVAILABILITY = YES_AGGRESSIVE;
				CLANG_WARN_UNREACHABLE_CODE = YES;
				CLANG_WARN__DUPLICATE_METHOD_MATCH = YES;
				COPY_PHASE_STRIP = NO;
				DEBUG_INFORMATION_FORMAT = dwarf;
				ENABLE_STRICT_OBJC_MSGSEND = YES;
				ENABLE_TESTABILITY = YES;
				ENABLE_USER_SCRIPT_SANDBOXING = YES;
				GCC_C_LANGUAGE_STANDARD = gnu17;
				GCC_DYNAMIC_NO_PIC = NO;
				GCC_NO_COMMON_BLOCKS = YES;
				GCC_OPTIMIZATION_LEVEL = 0;
				GCC_PREPROCESSOR_DEFINITIONS = (
					"DEBUG=1",
					"$(inherited)",
				);
				GCC_WARN_64_TO_32_BIT_CONVERSION = YES;
				GCC_WARN_ABOUT_RETURN_TYPE = YES_ERROR;
				GCC_WARN_UNDECLARED_SELECTOR = YES;
				GCC_WARN_UNINITIALIZED_AUTOS = YES_AGGRESSIVE;
				GCC_WARN_UNUSED_FUNCTION = YES;
				GCC_WARN_UNUSED_VARIABLE = YES;
				LOCALIZATION_PREFERS_STRING_CATALOGS = YES;
				MACOSX_DEPLOYMENT_TARGET = 13.0;
				MTL_ENABLE_DEBUG_INFO = INCLUDE_SOURCE;
				MTL_FAST_MATH = YES;
				ONLY_ACTIVE_ARCH = YES;
				SDKROOT = macosx;
				SWIFT_ACTIVE_COMPILATION_CONDITIONS = "DEBUG $(inherited)";
				SWIFT_OPTIMIZATION_LEVEL = "-Onone";
			};
			name = Debug;
		};
		A100001A232C5A0000000001 /* Release */ = {
			isa = XCBuildConfiguration;
			buildSettings = {
				ALWAYS_SEARCH_USER_PATHS = NO;
				ASSETCATALOG_COMPILER_GENERATE_SWIFT_ASSET_SYMBOL_EXTENSIONS = YES;
				CLANG_ANALYZER_NONNULL = YES;
				CLANG_ANALYZER_NUMBER_OBJECT_CONVERSION = YES_AGGRESSIVE;
				CLANG_CXX_LANGUAGE_STANDARD = "gnu++20";
				CLANG_ENABLE_MODULES = YES;
				CLANG_ENABLE_OBJC_ARC = YES;
				CLANG_ENABLE_OBJC_WEAK = YES;
				CLANG_WARN_BLOCK_CAPTURE_AUTORELEASING = YES;
				CLANG_WARN_BOOL_CONVERSION = YES;
				CLANG_WARN_COMMA = YES;
				CLANG_WARN_CONSTANT_CONVERSION = YES;
				CLANG_WARN_DEPRECATED_OBJC_IMPLEMENTATIONS = YES;
				CLANG_WARN_DIRECT_OBJC_ISA_USAGE = YES_ERROR;
				CLANG_WARN_DOCUMENTATION_COMMENTS = YES;
				CLANG_WARN_EMPTY_BODY = YES;
				CLANG_WARN_ENUM_CONVERSION = YES;
				CLANG_WARN_INFINITE_RECURSION = YES;
				CLANG_WARN_INT_CONVERSION = YES;
				CLANG_WARN_NON_LITERAL_NULL_CONVERSION = YES;
				CLANG_WARN_OBJC_IMPLICIT_RETAIN_SELF = YES;
				CLANG_WARN_OBJC_LITERAL_CONVERSION = YES;
				CLANG_WARN_OBJC_ROOT_CLASS = YES_ERROR;
				CLANG_WARN_QUOTED_INCLUDE_IN_FRAMEWORK_HEADER = YES;
				CLANG_WARN_RANGE_LOOP_ANALYSIS = YES;
				CLANG_WARN_STRICT_PROTOTYPES = YES;
				CLANG_WARN_SUSPICIOUS_MOVE = YES;
				CLANG_WARN_UNGUARDED_AVAILABILITY = YES_AGGRESSIVE;
				CLANG_WARN_UNREACHABLE_CODE = YES;
				CLANG_WARN__DUPLICATE_METHOD_MATCH = YES;
				COPY_PHASE_STRIP = NO;
				DEBUG_INFORMATION_FORMAT = "dwarf-with-dsym";
				ENABLE_NS_ASSERTIONS = NO;
				ENABLE_STRICT_OBJC_MSGSEND = YES;
				ENABLE_USER_SCRIPT_SANDBOXING = YES;
				GCC_C_LANGUAGE_STANDARD = gnu17;
				GCC_NO_COMMON_BLOCKS = YES;
				GCC_WARN_64_TO_32_BIT_CONVERSION = YES;
				GCC_WARN_ABOUT_RETURN_TYPE = YES_ERROR;
				GCC_WARN_UNDECLARED_SELECTOR = YES;
				GCC_WARN_UNINITIALIZED_AUTOS = YES_AGGRESSIVE;
				GCC_WARN_UNUSED_FUNCTION = YES;
				GCC_WARN_UNUSED_VARIABLE = YES;
				LOCALIZATION_PREFERS_STRING_CATALOGS = YES;
				MACOSX_DEPLOYMENT_TARGET = 13.0;
				MTL_ENABLE_DEBUG_INFO = NO;
				MTL_FAST_MATH = YES;
				SDKROOT = macosx;
				SWIFT_COMPILATION_MODE = wholemodule;
			};
			name = Release;
		};
		A100001B232C5A0000000001 /* Debug */ = {
			isa = XCBuildConfiguration;
			buildSettings = {
				ASSETCATALOG_COMPILER_APPICON_NAME = AppIcon;
				ASSETCATALOG_COMPILER_GLOBAL_ACCENT_COLOR_NAME = AccentColor;
				CODE_SIGN_ENTITLEMENTS = "";
				CODE_SIGN_STYLE = Automatic;
				COMBINE_HIDPI_IMAGES = YES;
				CURRENT_PROJECT_VERSION = 1;
				DEVELOPMENT_TEAM = "";
				ENABLE_HARDENED_RUNTIME = YES;
				GENERATE_INFOPLIST_FILE = NO;
				INFOPLIST_FILE = StockTicker/Info.plist;
				INFOPLIST_KEY_LSApplicationCategoryType = "public.app-category.finance";
				INFOPLIST_KEY_NSHumanReadableCopyright = "";
				LD_RUNPATH_SEARCH_PATHS = (
					"$(inherited)",
					"@executable_path/../Frameworks",
				);
				MARKETING_VERSION = 1.0;
				PRODUCT_BUNDLE_IDENTIFIER = com.stockticker.app;
				PRODUCT_NAME = "$(TARGET_NAME)";
				SWIFT_EMIT_LOC_STRINGS = YES;
				SWIFT_VERSION = 5.0;
			};
			name = Debug;
		};
		A100001C232C5A0000000001 /* Release */ = {
			isa = XCBuildConfiguration;
			buildSettings = {
				ASSETCATALOG_COMPILER_APPICON_NAME = AppIcon;
				ASSETCATALOG_COMPILER_GLOBAL_ACCENT_COLOR_NAME = AccentColor;
				CODE_SIGN_ENTITLEMENTS = "";
				CODE_SIGN_STYLE = Automatic;
				COMBINE_HIDPI_IMAGES = YES;
				CURRENT_PROJECT_VERSION = 1;
				DEVELOPMENT_TEAM = "";
				ENABLE_HARDENED_RUNTIME = YES;
				GENERATE_INFOPLIST_FILE = NO;
				INFOPLIST_FILE = StockTicker/Info.plist;
				INFOPLIST_KEY_LSApplicationCategoryType = "public.app-category.finance";
				INFOPLIST_KEY_NSHumanReadableCopyright = "";
				LD_RUNPATH_SEARCH_PATHS = (
					"$(inherited)",
					"@executable_path/../Frameworks",
				);
				MARKETING_VERSION = 1.0;
				PRODUCT_BUNDLE_IDENTIFIER = com.stockticker.app;
				PRODUCT_NAME = "$(TARGET_NAME)";
				SWIFT_EMIT_LOC_STRINGS = YES;
				SWIFT_VERSION = 5.0;
			};
			name = Release;
		};
		B100001A232C5A0000000001 /* Debug */ = {
			isa = XCBuildConfiguration;
			buildSettings = {
				BUNDLE_LOADER = "$(TEST_HOST)";
				CODE_SIGN_STYLE = Automatic;
				CURRENT_PROJECT_VERSION = 1;
				GENERATE_INFOPLIST_FILE = YES;
				MARKETING_VERSION = 1.0;
				PRODUCT_BUNDLE_IDENTIFIER = com.stockticker.app.tests;
				PRODUCT_NAME = "$(TARGET_NAME)";
				SWIFT_EMIT_LOC_STRINGS = NO;
				SWIFT_VERSION = 5.0;
				TEST_HOST = "$(BUILT_PRODUCTS_DIR)/StockTicker.app/$(BUNDLE_EXECUTABLE_FOLDER_PATH)/StockTicker";
			};
			name = Debug;
		};
		B100001B232C5A0000000001 /* Release */ = {
			isa = XCBuildConfiguration;
			buildSettings = {
				BUNDLE_LOADER = "$(TEST_HOST)";
				CODE_SIGN_STYLE = Automatic;
				CURRENT_PROJECT_VERSION = 1;
				GENERATE_INFOPLIST_FILE = YES;
				MARKETING_VERSION = 1.0;
				PRODUCT_BUNDLE_IDENTIFIER = com.stockticker.app.tests;
				PRODUCT_NAME = "$(TARGET_NAME)";
				SWIFT_EMIT_LOC_STRINGS = NO;
				SWIFT_VERSION = 5.0;
				TEST_HOST = "$(BUILT_PRODUCTS_DIR)/StockTicker.app/$(BUNDLE_EXECUTABLE_FOLDER_PATH)/StockTicker";
			};
			name = Release;
		};
/* End XCBuildConfiguration section */

/* Begin XCConfigurationList section */
		A1000014232C5A0000000001 /* Build configuration list for PBXNativeTarget "StockTicker" */ = {
			isa = XCConfigurationList;
			buildConfigurations = (
				A100001B232C5A0000000001 /* Debug */,
				A100001C232C5A0000000001 /* Release */,
			);
			defaultConfigurationIsVisible = 0;
			defaultConfigurationName = Release;
		};
		A1000018232C5A0000000001 /* Build configuration list for PBXProject "StockTicker" */ = {
			isa = XCConfigurationList;
			buildConfigurations = (
				A1000019232C5A0000000001 /* Debug */,
				A100001A232C5A0000000001 /* Release */,
			);
			defaultConfigurationIsVisible = 0;
			defaultConfigurationName = Release;
		};
		B1000017232C5A0000000001 /* Build configuration list for PBXNativeTarget "StockTickerTests" */ = {
			isa = XCConfigurationList;
			buildConfigurations = (
				B100001A232C5A0000000001 /* Debug */,
				B100001B232C5A0000000001 /* Release */,
			);
			defaultConfigurationIsVisible = 0;
			defaultConfigurationName = Release;
		};
/* End XCConfigurationList section */

	};
	rootObject = A1000017232C5A0000000001 /* Project object */;
}
